
Microsoft Visual Studio Solution File, Format Version 12.00
# Visual Studio Version 17
VisualStudioVersion = 17.3.32929.385
MinimumVisualStudioVersion = 10.0.40219.1
Project("{FAE04EC0-301F-11D3-BF4B-00C04F79EFBC}") = "constructor and inheritence", "constructor and inheritence.csproj", "{53968CAB-CAE5-4647-8D82-3A249C541CAE}"
EndProject
Global
	GlobalSection(SolutionConfigurationPlatforms) = preSolution
		Debug|Any CPU = Debug|Any CPU
		Release|Any CPU = Release|Any CPU
	EndGlobalSection
	GlobalSection(ProjectConfigurationPlatforms) = postSolution
		{53968CAB-CAE5-4647-8D82-3A249C541CAE}.Debug|Any CPU.ActiveCfg = Debug|Any CPU
		{53968CAB-CAE5-4647-8D82-3A249C541CAE}.Debug|Any CPU.Build.0 = Debug|Any CPU
		{53968CAB-CAE5-4647-8D82-3A249C541CAE}.Release|Any CPU.ActiveCfg = Release|Any CPU
		{53968CAB-CAE5-4647-8D82-3A249C541CAE}.Release|Any CPU.Build.0 = Release|Any CPU
	EndGlobalSection
	GlobalSection(SolutionProperties) = preSolution
		HideSolutionNode = FALSE
	EndGlobalSection
	GlobalSection(ExtensibilityGlobals) = postSolution
		SolutionGuid = {934B4D0C-4190-4074-82C0-21EE381D3172}
	EndGlobalSection
EndGlobal
